
Microsoft Visual Studio Solution File, Format Version 12.00
# Visual Studio Version 17
VisualStudioVersion = 17.2.32630.192
MinimumVisualStudioVersion = 10.0.40219.1
Project("{FAE04EC0-301F-11D3-BF4B-00C04F79EFBC}") = "PracticeDemo", "PracticeDemo.csproj", "{93F9E2A5-4F31-4ABB-865B-70053A46CF26}"
EndProject
Project("{FAE04EC0-301F-11D3-BF4B-00C04F79EFBC}") = "Business", "..\Business\Business.csproj", "{D4DD9EC9-849A-49A4-9298-1D531E475948}"
EndProject
Project("{FAE04EC0-301F-11D3-BF4B-00C04F79EFBC}") = "Repo", "..\Repo\Repo.csproj", "{066AEDA3-0A79-4F48-BB95-C8E1AD455DDC}"
EndProject
Project("{FAE04EC0-301F-11D3-BF4B-00C04F79EFBC}") = "Common", "..\Common\Common.csproj", "{981BEB0C-E13B-4379-8242-D925B6D26A95}"
EndProject
Global
	GlobalSection(SolutionConfigurationPlatforms) = preSolution
		Debug|Any CPU = Debug|Any CPU
		Release|Any CPU = Release|Any CPU
	EndGlobalSection
	GlobalSection(ProjectConfigurationPlatforms) = postSolution
		{93F9E2A5-4F31-4ABB-865B-70053A46CF26}.Debug|Any CPU.ActiveCfg = Debug|Any CPU
		{93F9E2A5-4F31-4ABB-865B-70053A46CF26}.Debug|Any CPU.Build.0 = Debug|Any CPU
		{93F9E2A5-4F31-4ABB-865B-70053A46CF26}.Release|Any CPU.ActiveCfg = Release|Any CPU
		{93F9E2A5-4F31-4ABB-865B-70053A46CF26}.Release|Any CPU.Build.0 = Release|Any CPU
		{D4DD9EC9-849A-49A4-9298-1D531E475948}.Debug|Any CPU.ActiveCfg = Debug|Any CPU
		{D4DD9EC9-849A-49A4-9298-1D531E475948}.Debug|Any CPU.Build.0 = Debug|Any CPU
		{D4DD9EC9-849A-49A4-9298-1D531E475948}.Release|Any CPU.ActiveCfg = Release|Any CPU
		{D4DD9EC9-849A-49A4-9298-1D531E475948}.Release|Any CPU.Build.0 = Release|Any CPU
		{066AEDA3-0A79-4F48-BB95-C8E1AD455DDC}.Debug|Any CPU.ActiveCfg = Debug|Any CPU
		{066AEDA3-0A79-4F48-BB95-C8E1AD455DDC}.Debug|Any CPU.Build.0 = Debug|Any CPU
		{066AEDA3-0A79-4F48-BB95-C8E1AD455DDC}.Release|Any CPU.ActiveCfg = Release|Any CPU
		{066AEDA3-0A79-4F48-BB95-C8E1AD455DDC}.Release|Any CPU.Build.0 = Release|Any CPU
		{981BEB0C-E13B-4379-8242-D925B6D26A95}.Debug|Any CPU.ActiveCfg = Debug|Any CPU
		{981BEB0C-E13B-4379-8242-D925B6D26A95}.Debug|Any CPU.Build.0 = Debug|Any CPU
		{981BEB0C-E13B-4379-8242-D925B6D26A95}.Release|Any CPU.ActiveCfg = Release|Any CPU
		{981BEB0C-E13B-4379-8242-D925B6D26A95}.Release|Any CPU.Build.0 = Release|Any CPU
	EndGlobalSection
	GlobalSection(SolutionProperties) = preSolution
		HideSolutionNode = FALSE
	EndGlobalSection
	GlobalSection(ExtensibilityGlobals) = postSolution
		SolutionGuid = {B74D1427-88C9-427F-ACFF-3F85EEB6B875}
	EndGlobalSection
EndGlobal
